{
  "name": "crudmaker",
  "version": "1.0.0",
  "lockfileVersion": 1,
  "requires": true,
  "dependencies": {
    "axios-rest-client": {
      "version": "0.1.11",
      "resolved": "https://registry.npmjs.org/axios-rest-client/-/axios-rest-client-0.1.11.tgz",
      "integrity": "sha512-53x4DPRhTePf1jNNyH97qOw/voBT/0pMO84/zz4BZ8Mv/WLnUKk5wVIH52ELijgmjYlBvGd1sL4RIhbwzBpbHA=="
    }
  }
}
